
Microsoft Visual Studio Solution File, Format Version 12.00
# Visual Studio Version 17
VisualStudioVersion = 17.5.33516.290
MinimumVisualStudioVersion = 10.0.40219.1
Project("{FAE04EC0-301F-11D3-BF4B-00C04F79EFBC}") = "Mission12_cji23", "Mission12_cji23.csproj", "{A31603A4-FDFD-4D4E-9ACF-59272C67D72B}"
EndProject
Global
	GlobalSection(SolutionConfigurationPlatforms) = preSolution
		Debug|Any CPU = Debug|Any CPU
		Release|Any CPU = Release|Any CPU
	EndGlobalSection
	GlobalSection(ProjectConfigurationPlatforms) = postSolution
		{A31603A4-FDFD-4D4E-9ACF-59272C67D72B}.Debug|Any CPU.ActiveCfg = Debug|Any CPU
		{A31603A4-FDFD-4D4E-9ACF-59272C67D72B}.Debug|Any CPU.Build.0 = Debug|Any CPU
		{A31603A4-FDFD-4D4E-9ACF-59272C67D72B}.Release|Any CPU.ActiveCfg = Release|Any CPU
		{A31603A4-FDFD-4D4E-9ACF-59272C67D72B}.Release|Any CPU.Build.0 = Release|Any CPU
	EndGlobalSection
	GlobalSection(SolutionProperties) = preSolution
		HideSolutionNode = FALSE
	EndGlobalSection
	GlobalSection(ExtensibilityGlobals) = postSolution
		SolutionGuid = {627727C2-680C-4E73-BE4A-70FBE508DE63}
	EndGlobalSection
EndGlobal
